
Microsoft Visual Studio Solution File, Format Version 12.00
# Visual Studio Version 17
VisualStudioVersion = 17.5.002.0
MinimumVisualStudioVersion = 10.0.40219.1
Project("{9A19103F-16F7-4668-BE54-9A1E7A4F7556}") = "InduMovel", "InduMovel.csproj", "{9CDA58DA-6F81-4500-A50F-46EEBFBEDBCE}"
EndProject
Global
	GlobalSection(SolutionConfigurationPlatforms) = preSolution
		Debug|Any CPU = Debug|Any CPU
		Release|Any CPU = Release|Any CPU
	EndGlobalSection
	GlobalSection(ProjectConfigurationPlatforms) = postSolution
		{9CDA58DA-6F81-4500-A50F-46EEBFBEDBCE}.Debug|Any CPU.ActiveCfg = Debug|Any CPU
		{9CDA58DA-6F81-4500-A50F-46EEBFBEDBCE}.Debug|Any CPU.Build.0 = Debug|Any CPU
		{9CDA58DA-6F81-4500-A50F-46EEBFBEDBCE}.Release|Any CPU.ActiveCfg = Release|Any CPU
		{9CDA58DA-6F81-4500-A50F-46EEBFBEDBCE}.Release|Any CPU.Build.0 = Release|Any CPU
	EndGlobalSection
	GlobalSection(SolutionProperties) = preSolution
		HideSolutionNode = FALSE
	EndGlobalSection
	GlobalSection(ExtensibilityGlobals) = postSolution
		SolutionGuid = {29999F96-094D-418F-8A42-F139D66FBF85}
	EndGlobalSection
EndGlobal
